{
  "name": "@rbxts/fade-ts",
  "version": "1.0.0",
  "lockfileVersion": 3,
  "requires": true,
  "packages": {
    "": {
      "name": "@rbxts/fade-ts",
      "version": "1.0.0",
      "license": "ISC",
      "devDependencies": {
        "@rbxts/compiler-types": "^2.0.4-types.1",
        "@rbxts/types": "^1.0.657",
        "typescript": "^4.9.4"
      }
    },
    "node_modules/@rbxts/compiler-types": {
      "version": "2.0.4-types.1",
      "resolved": "https://registry.npmjs.org/@rbxts/compiler-types/-/compiler-types-2.0.4-types.1.tgz",
      "integrity": "sha512-sLFiyMH9j8kcCd07lt6R+WgneksCGqYUFKu7qX02ufUU7r9eR2dXoOt2A9Nxh3unTuCu5mYyO0M6JYb82fOHxA==",
      "dev": true
    },
    "node_modules/@rbxts/types": {
      "version": "1.0.657",
      "resolved": "https://registry.npmjs.org/@rbxts/types/-/types-1.0.657.tgz",
      "integrity": "sha512-cVZLAU8qSE0vBcAhiJagTch3ubzxhuU88J0rszXsJFx9dHwxgshgg/tdV/nbbV1hgmpXnUuKynkOC1itYCxXtA==",
      "dev": true
    },
    "node_modules/typescript": {
      "version": "4.9.4",
      "resolved": "https://registry.npmjs.org/typescript/-/typescript-4.9.4.tgz",
      "integrity": "sha512-Uz+dTXYzxXXbsFpM86Wh3dKCxrQqUcVMxwU54orwlJjOpO3ao8L7j5lH+dWfTwgCwIuM9GQ2kvVotzYJMXTBZg==",
      "dev": true,
      "bin": {
        "tsc": "bin/tsc",
        "tsserver": "bin/tsserver"
      },
      "engines": {
        "node": ">=4.2.0"
      }
    }
  }
}
